
Microsoft Visual Studio Solution File, Format Version 12.00
# Visual Studio Version 17
VisualStudioVersion = 17.14.36414.22 d17.14
MinimumVisualStudioVersion = 10.0.40219.1
Project("{FAE04EC0-301F-11D3-BF4B-00C04F79EFBC}") = "mvc_btech", "mvc_btech.csproj", "{4E339993-A887-4FC3-AF31-44FD10022F83}"
EndProject
Global
	GlobalSection(SolutionConfigurationPlatforms) = preSolution
		Debug|Any CPU = Debug|Any CPU
		Release|Any CPU = Release|Any CPU
	EndGlobalSection
	GlobalSection(ProjectConfigurationPlatforms) = postSolution
		{4E339993-A887-4FC3-AF31-44FD10022F83}.Debug|Any CPU.ActiveCfg = Debug|Any CPU
		{4E339993-A887-4FC3-AF31-44FD10022F83}.Debug|Any CPU.Build.0 = Debug|Any CPU
		{4E339993-A887-4FC3-AF31-44FD10022F83}.Release|Any CPU.ActiveCfg = Release|Any CPU
		{4E339993-A887-4FC3-AF31-44FD10022F83}.Release|Any CPU.Build.0 = Release|Any CPU
	EndGlobalSection
	GlobalSection(SolutionProperties) = preSolution
		HideSolutionNode = FALSE
	EndGlobalSection
	GlobalSection(ExtensibilityGlobals) = postSolution
		SolutionGuid = {F4CCB143-0506-4920-A2B2-EBAC51FD42DA}
	EndGlobalSection
EndGlobal
